
Microsoft Visual Studio Solution File, Format Version 12.00
# Visual Studio Version 16
VisualStudioVersion = 16.0.32126.315
MinimumVisualStudioVersion = 10.0.40219.1
Project("{FAE04EC0-301F-11D3-BF4B-00C04F79EFBC}") = "01. Secret Chat", "01. Secret Chat\01. Secret Chat.csproj", "{DED2E62C-063A-49D0-A4A3-041285E9C810}"
EndProject
Global
	GlobalSection(SolutionConfigurationPlatforms) = preSolution
		Debug|Any CPU = Debug|Any CPU
		Release|Any CPU = Release|Any CPU
	EndGlobalSection
	GlobalSection(ProjectConfigurationPlatforms) = postSolution
		{DED2E62C-063A-49D0-A4A3-041285E9C810}.Debug|Any CPU.ActiveCfg = Debug|Any CPU
		{DED2E62C-063A-49D0-A4A3-041285E9C810}.Debug|Any CPU.Build.0 = Debug|Any CPU
		{DED2E62C-063A-49D0-A4A3-041285E9C810}.Release|Any CPU.ActiveCfg = Release|Any CPU
		{DED2E62C-063A-49D0-A4A3-041285E9C810}.Release|Any CPU.Build.0 = Release|Any CPU
	EndGlobalSection
	GlobalSection(SolutionProperties) = preSolution
		HideSolutionNode = FALSE
	EndGlobalSection
	GlobalSection(ExtensibilityGlobals) = postSolution
		SolutionGuid = {50954FBE-230B-4EA1-ABC5-28506D000DD7}
	EndGlobalSection
EndGlobal
